
Microsoft Visual Studio Solution File, Format Version 12.00
# Visual Studio 14
VisualStudioVersion = 14.0.23107.0
MinimumVisualStudioVersion = 10.0.40219.1
Project("{FAE04EC0-301F-11D3-BF4B-00C04F79EFBC}") = "2015-NJ-SE2-BP3H-OO Programma", "2015-NJ-SE2-BP3H-OO Programma\2015-NJ-SE2-BP3H-OO Programma.csproj", "{D7FEEB08-5E23-427B-8AC8-AE77C5BF1333}"
EndProject
Global
	GlobalSection(SolutionConfigurationPlatforms) = preSolution
		Debug|Any CPU = Debug|Any CPU
		Release|Any CPU = Release|Any CPU
	EndGlobalSection
	GlobalSection(ProjectConfigurationPlatforms) = postSolution
		{D7FEEB08-5E23-427B-8AC8-AE77C5BF1333}.Debug|Any CPU.ActiveCfg = Debug|Any CPU
		{D7FEEB08-5E23-427B-8AC8-AE77C5BF1333}.Debug|Any CPU.Build.0 = Debug|Any CPU
		{D7FEEB08-5E23-427B-8AC8-AE77C5BF1333}.Release|Any CPU.ActiveCfg = Release|Any CPU
		{D7FEEB08-5E23-427B-8AC8-AE77C5BF1333}.Release|Any CPU.Build.0 = Release|Any CPU
	EndGlobalSection
	GlobalSection(SolutionProperties) = preSolution
		HideSolutionNode = FALSE
	EndGlobalSection
EndGlobal
